
Microsoft Visual Studio Solution File, Format Version 12.00
# Visual Studio Version 17
VisualStudioVersion = 17.10.34928.147
MinimumVisualStudioVersion = 10.0.40219.1
Project("{FAE04EC0-301F-11D3-BF4B-00C04F79EFBC}") = "Challenge Odontoprev ADB", "Challenge Odontoprev ADB\Challenge Odontoprev ADB.csproj", "{B12740F2-B5B5-4476-A320-AEC8BE66DF21}"
EndProject
Global
	GlobalSection(SolutionConfigurationPlatforms) = preSolution
		Debug|Any CPU = Debug|Any CPU
		Release|Any CPU = Release|Any CPU
	EndGlobalSection
	GlobalSection(ProjectConfigurationPlatforms) = postSolution
		{B12740F2-B5B5-4476-A320-AEC8BE66DF21}.Debug|Any CPU.ActiveCfg = Debug|Any CPU
		{B12740F2-B5B5-4476-A320-AEC8BE66DF21}.Debug|Any CPU.Build.0 = Debug|Any CPU
		{B12740F2-B5B5-4476-A320-AEC8BE66DF21}.Release|Any CPU.ActiveCfg = Release|Any CPU
		{B12740F2-B5B5-4476-A320-AEC8BE66DF21}.Release|Any CPU.Build.0 = Release|Any CPU
	EndGlobalSection
	GlobalSection(SolutionProperties) = preSolution
		HideSolutionNode = FALSE
	EndGlobalSection
	GlobalSection(ExtensibilityGlobals) = postSolution
		SolutionGuid = {E024A677-0F66-4A94-8723-AEE77D834389}
	EndGlobalSection
EndGlobal
